
Microsoft Visual Studio Solution File, Format Version 12.00
# Visual Studio Version 16
VisualStudioVersion = 16.0.30503.244
MinimumVisualStudioVersion = 10.0.40219.1
Project("{FAE04EC0-301F-11D3-BF4B-00C04F79EFBC}") = "PROVAH1", "PROVAH1\PROVAH1.csproj", "{CE4226E4-C9CE-47CF-B6DF-A053F1C517EE}"
EndProject
Global
	GlobalSection(SolutionConfigurationPlatforms) = preSolution
		Debug|Any CPU = Debug|Any CPU
		Release|Any CPU = Release|Any CPU
	EndGlobalSection
	GlobalSection(ProjectConfigurationPlatforms) = postSolution
		{CE4226E4-C9CE-47CF-B6DF-A053F1C517EE}.Debug|Any CPU.ActiveCfg = Debug|Any CPU
		{CE4226E4-C9CE-47CF-B6DF-A053F1C517EE}.Debug|Any CPU.Build.0 = Debug|Any CPU
		{CE4226E4-C9CE-47CF-B6DF-A053F1C517EE}.Release|Any CPU.ActiveCfg = Release|Any CPU
		{CE4226E4-C9CE-47CF-B6DF-A053F1C517EE}.Release|Any CPU.Build.0 = Release|Any CPU
	EndGlobalSection
	GlobalSection(SolutionProperties) = preSolution
		HideSolutionNode = FALSE
	EndGlobalSection
	GlobalSection(ExtensibilityGlobals) = postSolution
		SolutionGuid = {98FD34E7-5B8B-476F-825C-08C2444A7680}
	EndGlobalSection
EndGlobal
